
Microsoft Visual Studio Solution File, Format Version 12.00
# Visual Studio Version 17
VisualStudioVersion = 17.0.31903.59
MinimumVisualStudioVersion = 10.0.40219.1
Project("{FAE04EC0-301F-11D3-BF4B-00C04F79EFBC}") = "Api", "src\Api\Api.csproj", "{33DD3DEA-F79E-4D43-831B-85F2F2C63909}"
EndProject
Project("{FAE04EC0-301F-11D3-BF4B-00C04F79EFBC}") = "Api.Tests", "test\unit\Api.Tests\Api.Tests.csproj", "{1D17F64C-0605-41AC-8D65-3B2E1401F6CF}"
EndProject
Global
	GlobalSection(SolutionConfigurationPlatforms) = preSolution
		Debug|Any CPU = Debug|Any CPU
		Release|Any CPU = Release|Any CPU
	EndGlobalSection
	GlobalSection(SolutionProperties) = preSolution
		HideSolutionNode = FALSE
	EndGlobalSection
	GlobalSection(ProjectConfigurationPlatforms) = postSolution
		{33DD3DEA-F79E-4D43-831B-85F2F2C63909}.Debug|Any CPU.ActiveCfg = Debug|Any CPU
		{33DD3DEA-F79E-4D43-831B-85F2F2C63909}.Debug|Any CPU.Build.0 = Debug|Any CPU
		{33DD3DEA-F79E-4D43-831B-85F2F2C63909}.Release|Any CPU.ActiveCfg = Release|Any CPU
		{33DD3DEA-F79E-4D43-831B-85F2F2C63909}.Release|Any CPU.Build.0 = Release|Any CPU
		{1D17F64C-0605-41AC-8D65-3B2E1401F6CF}.Debug|Any CPU.ActiveCfg = Debug|Any CPU
		{1D17F64C-0605-41AC-8D65-3B2E1401F6CF}.Debug|Any CPU.Build.0 = Debug|Any CPU
		{1D17F64C-0605-41AC-8D65-3B2E1401F6CF}.Release|Any CPU.ActiveCfg = Release|Any CPU
		{1D17F64C-0605-41AC-8D65-3B2E1401F6CF}.Release|Any CPU.Build.0 = Release|Any CPU
	EndGlobalSection
EndGlobal
